
Microsoft Visual Studio Solution File, Format Version 12.00
# Visual Studio Version 16
VisualStudioVersion = 16.0.29001.49
MinimumVisualStudioVersion = 10.0.40219.1
Project("{FAE04EC0-301F-11D3-BF4B-00C04F79EFBC}") = "DeniMusicAtout", "WindowsFormsApp1\DeniMusicAtout.csproj", "{45DDC0C8-9FE2-4AA4-996D-FD9C66732C83}"
EndProject
Global
	GlobalSection(SolutionConfigurationPlatforms) = preSolution
		Debug|Any CPU = Debug|Any CPU
		Release|Any CPU = Release|Any CPU
	EndGlobalSection
	GlobalSection(ProjectConfigurationPlatforms) = postSolution
		{45DDC0C8-9FE2-4AA4-996D-FD9C66732C83}.Debug|Any CPU.ActiveCfg = Debug|Any CPU
		{45DDC0C8-9FE2-4AA4-996D-FD9C66732C83}.Debug|Any CPU.Build.0 = Debug|Any CPU
		{45DDC0C8-9FE2-4AA4-996D-FD9C66732C83}.Release|Any CPU.ActiveCfg = Release|Any CPU
		{45DDC0C8-9FE2-4AA4-996D-FD9C66732C83}.Release|Any CPU.Build.0 = Release|Any CPU
	EndGlobalSection
	GlobalSection(SolutionProperties) = preSolution
		HideSolutionNode = FALSE
	EndGlobalSection
	GlobalSection(ExtensibilityGlobals) = postSolution
		SolutionGuid = {22570CE6-F425-4D09-A15B-F5D6C677F38E}
	EndGlobalSection
EndGlobal
